
Microsoft Visual Studio Solution File, Format Version 12.00
# Visual Studio Version 16
VisualStudioVersion = 16.0.31402.337
MinimumVisualStudioVersion = 10.0.40219.1
Project("{FAE04EC0-301F-11D3-BF4B-00C04F79EFBC}") = "QuanLyPhongBan", "QuanLyPhongBan.csproj", "{EDAE8E8D-41EB-410A-893B-2EA565C043FF}"
EndProject
Global
	GlobalSection(SolutionConfigurationPlatforms) = preSolution
		Debug|Any CPU = Debug|Any CPU
		Release|Any CPU = Release|Any CPU
	EndGlobalSection
	GlobalSection(ProjectConfigurationPlatforms) = postSolution
		{EDAE8E8D-41EB-410A-893B-2EA565C043FF}.Debug|Any CPU.ActiveCfg = Debug|Any CPU
		{EDAE8E8D-41EB-410A-893B-2EA565C043FF}.Debug|Any CPU.Build.0 = Debug|Any CPU
		{EDAE8E8D-41EB-410A-893B-2EA565C043FF}.Release|Any CPU.ActiveCfg = Release|Any CPU
		{EDAE8E8D-41EB-410A-893B-2EA565C043FF}.Release|Any CPU.Build.0 = Release|Any CPU
	EndGlobalSection
	GlobalSection(SolutionProperties) = preSolution
		HideSolutionNode = FALSE
	EndGlobalSection
	GlobalSection(ExtensibilityGlobals) = postSolution
		SolutionGuid = {72D3A73A-60AA-4794-9351-62605F298A88}
	EndGlobalSection
EndGlobal
